// !$*UTF8*$!
{
	archiveVersion = 1;
	classes = {
	};
	objectVersion = 50;
	objects = {

/* Begin PBXBuildFile section */
		1A0AD25C26E4968E007808A4 /* Popup.swift in Sources */ = {isa = PBXBuildFile; fileRef = 1A0AD25B26E4968E007808A4 /* Popup.swift */; };
		1A0AD25E26E4AFA9007808A4 /* OrderComplateMessage.swift in Sources */ = {isa = PBXBuildFile; fileRef = 1A0AD25D26E4AFA9007808A4 /* OrderComplateMessage.swift */; };
		1A0AD26026E4C1D3007808A4 /* FavoriteProductScrollView.swift in Sources */ = {isa = PBXBuildFile; fileRef = 1A0AD25F26E4C1D3007808A4 /* FavoriteProductScrollView.swift */; };
		1A0AD26226E4C9DE007808A4 /* MainTabView.swift in Sources */ = {isa = PBXBuildFile; fileRef = 1A0AD26126E4C9DE007808A4 /* MainTabView.swift */; };
		1A1D9B0A26E234DA00EB5EA5 /* QuantitySelector.swift in Sources */ = {isa = PBXBuildFile; fileRef = 1A1D9B0926E234DA00EB5EA5 /* QuantitySelector.swift */; };
		1A1D9B0C26E2455800EB5EA5 /* FavoriteButton.swift in Sources */ = {isa = PBXBuildFile; fileRef = 1A1D9B0B26E2455800EB5EA5 /* FavoriteButton.swift */; };
		1A1D9B0E26E24B4E00EB5EA5 /* Order.swift in Sources */ = {isa = PBXBuildFile; fileRef = 1A1D9B0D26E24B4E00EB5EA5 /* Order.swift */; };
		1A5B4DC326E0E6E100B447B5 /* Product.swift in Sources */ = {isa = PBXBuildFile; fileRef = 1A5B4DC226E0E6E100B447B5 /* Product.swift */; };
		1A5B4DC526E103F400B447B5 /* BundleExtension.swift in Sources */ = {isa = PBXBuildFile; fileRef = 1A5B4DC426E103F400B447B5 /* BundleExtension.swift */; };
		1A5B4DC726E1063200B447B5 /* Store.swift in Sources */ = {isa = PBXBuildFile; fileRef = 1A5B4DC626E1063200B447B5 /* Store.swift */; };
		1A5B4DC926E10B3A00B447B5 /* ProductDetailView.swift in Sources */ = {isa = PBXBuildFile; fileRef = 1A5B4DC826E10B3A00B447B5 /* ProductDetailView.swift */; };
		1A9DDF4E26E300B200EF0C68 /* Symbol.swift in Sources */ = {isa = PBXBuildFile; fileRef = 1A9DDF4D26E300B200EF0C68 /* Symbol.swift */; };
		1A9DDF5026E3027800EF0C68 /* ResizedImage.swift in Sources */ = {isa = PBXBuildFile; fileRef = 1A9DDF4F26E3027800EF0C68 /* ResizedImage.swift */; };
		1A9DDF5326E3064000EF0C68 /* ShrinkButtonStyle.swift in Sources */ = {isa = PBXBuildFile; fileRef = 1A9DDF5226E3064000EF0C68 /* ShrinkButtonStyle.swift */; };
		FB01214C26E1FACE005A2D80 /* Preview.swift in Sources */ = {isa = PBXBuildFile; fileRef = FB01214B26E1FACE005A2D80 /* Preview.swift */; };
		FB85564326E6F46B004A9C06 /* AppSetting.swift in Sources */ = {isa = PBXBuildFile; fileRef = FB85564226E6F46B004A9C06 /* AppSetting.swift */; };
		FB85564526E723B3004A9C06 /* ImagePickerView.swift in Sources */ = {isa = PBXBuildFile; fileRef = FB85564426E723B3004A9C06 /* ImagePickerView.swift */; };
		FBEBDA2F26E5A4B000E03530 /* Recipe.swift in Sources */ = {isa = PBXBuildFile; fileRef = FBEBDA2E26E5A4B000E03530 /* Recipe.swift */; };
		FBEBDA3226E5A56300E03530 /* RecipeView.swift in Sources */ = {isa = PBXBuildFile; fileRef = FBEBDA3126E5A56300E03530 /* RecipeView.swift */; };
		FBEBDA3426E5AED000E03530 /* Stripes.swift in Sources */ = {isa = PBXBuildFile; fileRef = FBEBDA3326E5AED000E03530 /* Stripes.swift */; };
		FBEBDA3626E5B14200E03530 /* ShapeClipModifier.swift in Sources */ = {isa = PBXBuildFile; fileRef = FBEBDA3526E5B14200E03530 /* ShapeClipModifier.swift */; };
		FBEBDA3826E5CB9600E03530 /* AnyTransitionExtension.swift in Sources */ = {isa = PBXBuildFile; fileRef = FBEBDA3726E5CB9600E03530 /* AnyTransitionExtension.swift */; };
		FBEBDA3B26E5DFB800E03530 /* FruitCard.swift in Sources */ = {isa = PBXBuildFile; fileRef = FBEBDA3A26E5DFB800E03530 /* FruitCard.swift */; };
		FBEBDA3D26E5E0BC00E03530 /* ImageGallery.swift in Sources */ = {isa = PBXBuildFile; fileRef = FBEBDA3C26E5E0BC00E03530 /* ImageGallery.swift */; };
		FBEBDA4026E5FE0F00E03530 /* MyPage.swift in Sources */ = {isa = PBXBuildFile; fileRef = FBEBDA3F26E5FE0F00E03530 /* MyPage.swift */; };
		FBEBDA4226E6000E00E03530 /* OrderListView.swift in Sources */ = {isa = PBXBuildFile; fileRef = FBEBDA4126E6000E00E03530 /* OrderListView.swift */; };
		FBEBDA4426E6012E00E03530 /* OrderRow.swift in Sources */ = {isa = PBXBuildFile; fileRef = FBEBDA4326E6012E00E03530 /* OrderRow.swift */; };
		FBF7329E26DF144200C5FC4F /* AppDelegate.swift in Sources */ = {isa = PBXBuildFile; fileRef = FBF7329D26DF144200C5FC4F /* AppDelegate.swift */; };
		FBF732A026DF144200C5FC4F /* SceneDelegate.swift in Sources */ = {isa = PBXBuildFile; fileRef = FBF7329F26DF144200C5FC4F /* SceneDelegate.swift */; };
		FBF732A226DF144200C5FC4F /* Home.swift in Sources */ = {isa = PBXBuildFile; fileRef = FBF732A126DF144200C5FC4F /* Home.swift */; };
		FBF732A426DF144200C5FC4F /* Assets.xcassets in Resources */ = {isa = PBXBuildFile; fileRef = FBF732A326DF144200C5FC4F /* Assets.xcassets */; };
		FBF732A726DF144200C5FC4F /* Preview Assets.xcassets in Resources */ = {isa = PBXBuildFile; fileRef = FBF732A626DF144200C5FC4F /* Preview Assets.xcassets */; };
		FBF732AA26DF144200C5FC4F /* LaunchScreen.storyboard in Resources */ = {isa = PBXBuildFile; fileRef = FBF732A826DF144200C5FC4F /* LaunchScreen.storyboard */; };
		FBF732B726DF14F500C5FC4F /* ProductData.json in Resources */ = {isa = PBXBuildFile; fileRef = FBF732B626DF14F500C5FC4F /* ProductData.json */; };
		FBF732BA26DF4C4300C5FC4F /* ProductRow.swift in Sources */ = {isa = PBXBuildFile; fileRef = FBF732B926DF4C4300C5FC4F /* ProductRow.swift */; };
		FBF732BE26DF507800C5FC4F /* ColorExtension.swift in Sources */ = {isa = PBXBuildFile; fileRef = FBF732BD26DF507800C5FC4F /* ColorExtension.swift */; };
/* End PBXBuildFile section */

/* Begin PBXFileReference section */
		1A0AD25B26E4968E007808A4 /* Popup.swift */ = {isa = PBXFileReference; lastKnownFileType = sourcecode.swift; path = Popup.swift; sourceTree = "<group>"; };
		1A0AD25D26E4AFA9007808A4 /* OrderComplateMessage.swift */ = {isa = PBXFileReference; lastKnownFileType = sourcecode.swift; path = OrderComplateMessage.swift; sourceTree = "<group>"; };
		1A0AD25F26E4C1D3007808A4 /* FavoriteProductScrollView.swift */ = {isa = PBXFileReference; lastKnownFileType = sourcecode.swift; path = FavoriteProductScrollView.swift; sourceTree = "<group>"; };
		1A0AD26126E4C9DE007808A4 /* MainTabView.swift */ = {isa = PBXFileReference; lastKnownFileType = sourcecode.swift; path = MainTabView.swift; sourceTree = "<group>"; };
		1A1D9B0926E234DA00EB5EA5 /* QuantitySelector.swift */ = {isa = PBXFileReference; lastKnownFileType = sourcecode.swift; path = QuantitySelector.swift; sourceTree = "<group>"; };
		1A1D9B0B26E2455800EB5EA5 /* FavoriteButton.swift */ = {isa = PBXFileReference; lastKnownFileType = sourcecode.swift; path = FavoriteButton.swift; sourceTree = "<group>"; };
		1A1D9B0D26E24B4E00EB5EA5 /* Order.swift */ = {isa = PBXFileReference; lastKnownFileType = sourcecode.swift; path = Order.swift; sourceTree = "<group>"; };
		1A5B4DC226E0E6E100B447B5 /* Product.swift */ = {isa = PBXFileReference; lastKnownFileType = sourcecode.swift; path = Product.swift; sourceTree = "<group>"; };
		1A5B4DC426E103F400B447B5 /* BundleExtension.swift */ = {isa = PBXFileReference; lastKnownFileType = sourcecode.swift; path = BundleExtension.swift; sourceTree = "<group>"; };
		1A5B4DC626E1063200B447B5 /* Store.swift */ = {isa = PBXFileReference; lastKnownFileType = sourcecode.swift; path = Store.swift; sourceTree = "<group>"; };
		1A5B4DC826E10B3A00B447B5 /* ProductDetailView.swift */ = {isa = PBXFileReference; lastKnownFileType = sourcecode.swift; path = ProductDetailView.swift; sourceTree = "<group>"; };
		1A9DDF4D26E300B200EF0C68 /* Symbol.swift */ = {isa = PBXFileReference; lastKnownFileType = sourcecode.swift; path = Symbol.swift; sourceTree = "<group>"; };
		1A9DDF4F26E3027800EF0C68 /* ResizedImage.swift */ = {isa = PBXFileReference; lastKnownFileType = sourcecode.swift; path = ResizedImage.swift; sourceTree = "<group>"; };
		1A9DDF5226E3064000EF0C68 /* ShrinkButtonStyle.swift */ = {isa = PBXFileReference; lastKnownFileType = sourcecode.swift; path = ShrinkButtonStyle.swift; sourceTree = "<group>"; };
		FB01214B26E1FACE005A2D80 /* Preview.swift */ = {isa = PBXFileReference; lastKnownFileType = sourcecode.swift; path = Preview.swift; sourceTree = "<group>"; };
		FB85564226E6F46B004A9C06 /* AppSetting.swift */ = {isa = PBXFileReference; lastKnownFileType = sourcecode.swift; path = AppSetting.swift; sourceTree = "<group>"; };
		FB85564426E723B3004A9C06 /* ImagePickerView.swift */ = {isa = PBXFileReference; lastKnownFileType = sourcecode.swift; path = ImagePickerView.swift; sourceTree = "<group>"; };
		FBEBDA2E26E5A4B000E03530 /* Recipe.swift */ = {isa = PBXFileReference; lastKnownFileType = sourcecode.swift; path = Recipe.swift; sourceTree = "<group>"; };
		FBEBDA3126E5A56300E03530 /* RecipeView.swift */ = {isa = PBXFileReference; lastKnownFileType = sourcecode.swift; path = RecipeView.swift; sourceTree = "<group>"; };
		FBEBDA3326E5AED000E03530 /* Stripes.swift */ = {isa = PBXFileReference; lastKnownFileType = sourcecode.swift; path = Stripes.swift; sourceTree = "<group>"; };
		FBEBDA3526E5B14200E03530 /* ShapeClipModifier.swift */ = {isa = PBXFileReference; lastKnownFileType = sourcecode.swift; path = ShapeClipModifier.swift; sourceTree = "<group>"; };
		FBEBDA3726E5CB9600E03530 /* AnyTransitionExtension.swift */ = {isa = PBXFileReference; lastKnownFileType = sourcecode.swift; path = AnyTransitionExtension.swift; sourceTree = "<group>"; };
		FBEBDA3A26E5DFB800E03530 /* FruitCard.swift */ = {isa = PBXFileReference; lastKnownFileType = sourcecode.swift; path = FruitCard.swift; sourceTree = "<group>"; };
		FBEBDA3C26E5E0BC00E03530 /* ImageGallery.swift */ = {isa = PBXFileReference; lastKnownFileType = sourcecode.swift; path = ImageGallery.swift; sourceTree = "<group>"; };
		FBEBDA3F26E5FE0F00E03530 /* MyPage.swift */ = {isa = PBXFileReference; lastKnownFileType = sourcecode.swift; path = MyPage.swift; sourceTree = "<group>"; };
		FBEBDA4126E6000E00E03530 /* OrderListView.swift */ = {isa = PBXFileReference; lastKnownFileType = sourcecode.swift; path = OrderListView.swift; sourceTree = "<group>"; };
		FBEBDA4326E6012E00E03530 /* OrderRow.swift */ = {isa = PBXFileReference; lastKnownFileType = sourcecode.swift; path = OrderRow.swift; sourceTree = "<group>"; };
		FBF7329A26DF144200C5FC4F /* FruitMart.app */ = {isa = PBXFileReference; explicitFileType = wrapper.application; includeInIndex = 0; path = FruitMart.app; sourceTree = BUILT_PRODUCTS_DIR; };
		FBF7329D26DF144200C5FC4F /* AppDelegate.swift */ = {isa = PBXFileReference; lastKnownFileType = sourcecode.swift; path = AppDelegate.swift; sourceTree = "<group>"; };
		FBF7329F26DF144200C5FC4F /* SceneDelegate.swift */ = {isa = PBXFileReference; lastKnownFileType = sourcecode.swift; path = SceneDelegate.swift; sourceTree = "<group>"; };
		FBF732A126DF144200C5FC4F /* Home.swift */ = {isa = PBXFileReference; lastKnownFileType = sourcecode.swift; path = Home.swift; sourceTree = "<group>"; };
		FBF732A326DF144200C5FC4F /* Assets.xcassets */ = {isa = PBXFileReference; lastKnownFileType = folder.assetcatalog; path = Assets.xcassets; sourceTree = "<group>"; };
		FBF732A626DF144200C5FC4F /* Preview Assets.xcassets */ = {isa = PBXFileReference; lastKnownFileType = folder.assetcatalog; path = "Preview Assets.xcassets"; sourceTree = "<group>"; };
		FBF732A926DF144200C5FC4F /* Base */ = {isa = PBXFileReference; lastKnownFileType = file.storyboard; name = Base; path = Base.lproj/LaunchScreen.storyboard; sourceTree = "<group>"; };
		FBF732AB26DF144200C5FC4F /* Info.plist */ = {isa = PBXFileReference; lastKnownFileType = text.plist.xml; path = Info.plist; sourceTree = "<group>"; };
		FBF732B626DF14F500C5FC4F /* ProductData.json */ = {isa = PBXFileReference; lastKnownFileType = text.json; path = ProductData.json; sourceTree = "<group>"; };
		FBF732B926DF4C4300C5FC4F /* ProductRow.swift */ = {isa = PBXFileReference; lastKnownFileType = sourcecode.swift; path = ProductRow.swift; sourceTree = "<group>"; };
		FBF732BD26DF507800C5FC4F /* ColorExtension.swift */ = {isa = PBXFileReference; lastKnownFileType = sourcecode.swift; path = ColorExtension.swift; sourceTree = "<group>"; };
/* End PBXFileReference section */

/* Begin PBXFrameworksBuildPhase section */
		FBF7329726DF144200C5FC4F /* Frameworks */ = {
			isa = PBXFrameworksBuildPhase;
			buildActionMask = 2147483647;
			files = (
			);
			runOnlyForDeploymentPostprocessing = 0;
		};
/* End PBXFrameworksBuildPhase section */

/* Begin PBXGroup section */
		1A0AD25A26E49660007808A4 /* ViewModifier */ = {
			isa = PBXGroup;
			children = (
				1A0AD25B26E4968E007808A4 /* Popup.swift */,
				FBEBDA3526E5B14200E03530 /* ShapeClipModifier.swift */,
			);
			path = ViewModifier;
			sourceTree = "<group>";
		};
		1A5B4DC126E0E6BB00B447B5 /* Model */ = {
			isa = PBXGroup;
			children = (
				1A5B4DC226E0E6E100B447B5 /* Product.swift */,
				1A5B4DC626E1063200B447B5 /* Store.swift */,
				1A1D9B0D26E24B4E00EB5EA5 /* Order.swift */,
				FBEBDA2E26E5A4B000E03530 /* Recipe.swift */,
				FB85564226E6F46B004A9C06 /* AppSetting.swift */,
			);
			path = Model;
			sourceTree = "<group>";
		};
		1A9DDF5126E3060C00EF0C68 /* CustomStyle */ = {
			isa = PBXGroup;
			children = (
				1A9DDF5226E3064000EF0C68 /* ShrinkButtonStyle.swift */,
			);
			path = CustomStyle;
			sourceTree = "<group>";
		};
		FB01214A26E1FAB3005A2D80 /* CustomView */ = {
			isa = PBXGroup;
			children = (
				FB01214B26E1FACE005A2D80 /* Preview.swift */,
				1A9DDF4D26E300B200EF0C68 /* Symbol.swift */,
				1A9DDF4F26E3027800EF0C68 /* ResizedImage.swift */,
				FBEBDA3326E5AED000E03530 /* Stripes.swift */,
			);
			path = CustomView;
			sourceTree = "<group>";
		};
		FBEBDA3026E5A54900E03530 /* Recipe */ = {
			isa = PBXGroup;
			children = (
				FBEBDA3126E5A56300E03530 /* RecipeView.swift */,
			);
			path = Recipe;
			sourceTree = "<group>";
		};
		FBEBDA3926E5DF9300E03530 /* ImageGallery */ = {
			isa = PBXGroup;
			children = (
				FBEBDA3A26E5DFB800E03530 /* FruitCard.swift */,
				FBEBDA3C26E5E0BC00E03530 /* ImageGallery.swift */,
			);
			path = ImageGallery;
			sourceTree = "<group>";
		};
		FBEBDA3E26E5FDF300E03530 /* MyPage */ = {
			isa = PBXGroup;
			children = (
				FBEBDA3F26E5FE0F00E03530 /* MyPage.swift */,
				FBEBDA4126E6000E00E03530 /* OrderListView.swift */,
				FBEBDA4326E6012E00E03530 /* OrderRow.swift */,
				FB85564426E723B3004A9C06 /* ImagePickerView.swift */,
			);
			path = MyPage;
			sourceTree = "<group>";
		};
		FBF7329126DF144200C5FC4F = {
			isa = PBXGroup;
			children = (
				FBF7329C26DF144200C5FC4F /* FruitMart */,
				FBF7329B26DF144200C5FC4F /* Products */,
			);
			sourceTree = "<group>";
		};
		FBF7329B26DF144200C5FC4F /* Products */ = {
			isa = PBXGroup;
			children = (
				FBF7329A26DF144200C5FC4F /* FruitMart.app */,
			);
			name = Products;
			sourceTree = "<group>";
		};
		FBF7329C26DF144200C5FC4F /* FruitMart */ = {
			isa = PBXGroup;
			children = (
				FBF732B126DF145600C5FC4F /* Source */,
				FBF732B526DF14BD00C5FC4F /* Resources */,
				FBF732B826DF150E00C5FC4F /* Supporting Files */,
				FBF732A526DF144200C5FC4F /* Preview Content */,
			);
			path = FruitMart;
			sourceTree = "<group>";
		};
		FBF732A526DF144200C5FC4F /* Preview Content */ = {
			isa = PBXGroup;
			children = (
				FBF732A626DF144200C5FC4F /* Preview Assets.xcassets */,
			);
			path = "Preview Content";
			sourceTree = "<group>";
		};
		FBF732B126DF145600C5FC4F /* Source */ = {
			isa = PBXGroup;
			children = (
				FBF732B226DF146B00C5FC4F /* Application */,
				FBF732B326DF148300C5FC4F /* User Interface */,
				FBF732BB26DF504500C5FC4F /* Helper */,
				1A5B4DC126E0E6BB00B447B5 /* Model */,
			);
			path = Source;
			sourceTree = "<group>";
		};
		FBF732B226DF146B00C5FC4F /* Application */ = {
			isa = PBXGroup;
			children = (
				FBF7329D26DF144200C5FC4F /* AppDelegate.swift */,
				FBF7329F26DF144200C5FC4F /* SceneDelegate.swift */,
			);
			path = Application;
			sourceTree = "<group>";
		};
		FBF732B326DF148300C5FC4F /* User Interface */ = {
			isa = PBXGroup;
			children = (
				1A0AD26126E4C9DE007808A4 /* MainTabView.swift */,
				FBF732B426DF148D00C5FC4F /* Home */,
				FBEBDA3026E5A54900E03530 /* Recipe */,
				FBEBDA3926E5DF9300E03530 /* ImageGallery */,
				FBEBDA3E26E5FDF300E03530 /* MyPage */,
			);
			path = "User Interface";
			sourceTree = "<group>";
		};
		FBF732B426DF148D00C5FC4F /* Home */ = {
			isa = PBXGroup;
			children = (
				FBF732A126DF144200C5FC4F /* Home.swift */,
				FBF732B926DF4C4300C5FC4F /* ProductRow.swift */,
				1A5B4DC826E10B3A00B447B5 /* ProductDetailView.swift */,
				1A1D9B0926E234DA00EB5EA5 /* QuantitySelector.swift */,
				1A1D9B0B26E2455800EB5EA5 /* FavoriteButton.swift */,
				1A0AD25D26E4AFA9007808A4 /* OrderComplateMessage.swift */,
				1A0AD25F26E4C1D3007808A4 /* FavoriteProductScrollView.swift */,
			);
			path = Home;
			sourceTree = "<group>";
		};
		FBF732B526DF14BD00C5FC4F /* Resources */ = {
			isa = PBXGroup;
			children = (
				FBF732A326DF144200C5FC4F /* Assets.xcassets */,
				FBF732B626DF14F500C5FC4F /* ProductData.json */,
			);
			path = Resources;
			sourceTree = "<group>";
		};
		FBF732B826DF150E00C5FC4F /* Supporting Files */ = {
			isa = PBXGroup;
			children = (
				FBF732A826DF144200C5FC4F /* LaunchScreen.storyboard */,
				FBF732AB26DF144200C5FC4F /* Info.plist */,
			);
			path = "Supporting Files";
			sourceTree = "<group>";
		};
		FBF732BB26DF504500C5FC4F /* Helper */ = {
			isa = PBXGroup;
			children = (
				FBF732BC26DF506200C5FC4F /* Extension */,
				FB01214A26E1FAB3005A2D80 /* CustomView */,
				1A9DDF5126E3060C00EF0C68 /* CustomStyle */,
				1A0AD25A26E49660007808A4 /* ViewModifier */,
			);
			path = Helper;
			sourceTree = "<group>";
		};
		FBF732BC26DF506200C5FC4F /* Extension */ = {
			isa = PBXGroup;
			children = (
				FBF732BD26DF507800C5FC4F /* ColorExtension.swift */,
				1A5B4DC426E103F400B447B5 /* BundleExtension.swift */,
				FBEBDA3726E5CB9600E03530 /* AnyTransitionExtension.swift */,
			);
			path = Extension;
			sourceTree = "<group>";
		};
/* End PBXGroup section */

/* Begin PBXNativeTarget section */
		FBF7329926DF144200C5FC4F /* FruitMart */ = {
			isa = PBXNativeTarget;
			buildConfigurationList = FBF732AE26DF144200C5FC4F /* Build configuration list for PBXNativeTarget "FruitMart" */;
			buildPhases = (
				FBF7329626DF144200C5FC4F /* Sources */,
				FBF7329726DF144200C5FC4F /* Frameworks */,
				FBF7329826DF144200C5FC4F /* Resources */,
			);
			buildRules = (
			);
			dependencies = (
			);
			name = FruitMart;
			productName = FruitMart;
			productReference = FBF7329A26DF144200C5FC4F /* FruitMart.app */;
			productType = "com.apple.product-type.application";
		};
/* End PBXNativeTarget section */

/* Begin PBXProject section */
		FBF7329226DF144200C5FC4F /* Project object */ = {
			isa = PBXProject;
			attributes = {
				LastSwiftUpdateCheck = 1250;
				LastUpgradeCheck = 1250;
				TargetAttributes = {
					FBF7329926DF144200C5FC4F = {
						CreatedOnToolsVersion = 12.5.1;
					};
				};
			};
			buildConfigurationList = FBF7329526DF144200C5FC4F /* Build configuration list for PBXProject "FruitMart" */;
			compatibilityVersion = "Xcode 9.3";
			developmentRegion = en;
			hasScannedForEncodings = 0;
			knownRegions = (
				en,
				Base,
			);
			mainGroup = FBF7329126DF144200C5FC4F;
			productRefGroup = FBF7329B26DF144200C5FC4F /* Products */;
			projectDirPath = "";
			projectRoot = "";
			targets = (
				FBF7329926DF144200C5FC4F /* FruitMart */,
			);
		};
/* End PBXProject section */

/* Begin PBXResourcesBuildPhase section */
		FBF7329826DF144200C5FC4F /* Resources */ = {
			isa = PBXResourcesBuildPhase;
			buildActionMask = 2147483647;
			files = (
				FBF732AA26DF144200C5FC4F /* LaunchScreen.storyboard in Resources */,
				FBF732A726DF144200C5FC4F /* Preview Assets.xcassets in Resources */,
				FBF732A426DF144200C5FC4F /* Assets.xcassets in Resources */,
				FBF732B726DF14F500C5FC4F /* ProductData.json in Resources */,
			);
			runOnlyForDeploymentPostprocessing = 0;
		};
/* End PBXResourcesBuildPhase section */

/* Begin PBXSourcesBuildPhase section */
		FBF7329626DF144200C5FC4F /* Sources */ = {
			isa = PBXSourcesBuildPhase;
			buildActionMask = 2147483647;
			files = (
				FBEBDA3D26E5E0BC00E03530 /* ImageGallery.swift in Sources */,
				1A0AD26026E4C1D3007808A4 /* FavoriteProductScrollView.swift in Sources */,
				1A9DDF5026E3027800EF0C68 /* ResizedImage.swift in Sources */,
				FBEBDA4226E6000E00E03530 /* OrderListView.swift in Sources */,
				FBEBDA3626E5B14200E03530 /* ShapeClipModifier.swift in Sources */,
				FBF732BA26DF4C4300C5FC4F /* ProductRow.swift in Sources */,
				FBF7329E26DF144200C5FC4F /* AppDelegate.swift in Sources */,
				FBEBDA4026E5FE0F00E03530 /* MyPage.swift in Sources */,
				FBEBDA3226E5A56300E03530 /* RecipeView.swift in Sources */,
				FBEBDA3826E5CB9600E03530 /* AnyTransitionExtension.swift in Sources */,
				FB01214C26E1FACE005A2D80 /* Preview.swift in Sources */,
				1A1D9B0C26E2455800EB5EA5 /* FavoriteButton.swift in Sources */,
				FB85564526E723B3004A9C06 /* ImagePickerView.swift in Sources */,
				1A0AD25E26E4AFA9007808A4 /* OrderComplateMessage.swift in Sources */,
				1A1D9B0A26E234DA00EB5EA5 /* QuantitySelector.swift in Sources */,
				FBF732A026DF144200C5FC4F /* SceneDelegate.swift in Sources */,
				FBEBDA3B26E5DFB800E03530 /* FruitCard.swift in Sources */,
				FBEBDA2F26E5A4B000E03530 /* Recipe.swift in Sources */,
				1A5B4DC726E1063200B447B5 /* Store.swift in Sources */,
				1A0AD25C26E4968E007808A4 /* Popup.swift in Sources */,
				FBEBDA3426E5AED000E03530 /* Stripes.swift in Sources */,
				1A5B4DC526E103F400B447B5 /* BundleExtension.swift in Sources */,
				FBF732A226DF144200C5FC4F /* Home.swift in Sources */,
				FBF732BE26DF507800C5FC4F /* ColorExtension.swift in Sources */,
				1A1D9B0E26E24B4E00EB5EA5 /* Order.swift in Sources */,
				1A9DDF4E26E300B200EF0C68 /* Symbol.swift in Sources */,
				1A5B4DC326E0E6E100B447B5 /* Product.swift in Sources */,
				1A9DDF5326E3064000EF0C68 /* ShrinkButtonStyle.swift in Sources */,
				FB85564326E6F46B004A9C06 /* AppSetting.swift in Sources */,
				FBEBDA4426E6012E00E03530 /* OrderRow.swift in Sources */,
				1A5B4DC926E10B3A00B447B5 /* ProductDetailView.swift in Sources */,
				1A0AD26226E4C9DE007808A4 /* MainTabView.swift in Sources */,
			);
			runOnlyForDeploymentPostprocessing = 0;
		};
/* End PBXSourcesBuildPhase section */

/* Begin PBXVariantGroup section */
		FBF732A826DF144200C5FC4F /* LaunchScreen.storyboard */ = {
			isa = PBXVariantGroup;
			children = (
				FBF732A926DF144200C5FC4F /* Base */,
			);
			name = LaunchScreen.storyboard;
			sourceTree = "<group>";
		};
/* End PBXVariantGroup section */

/* Begin XCBuildConfiguration section */
		FBF732AC26DF144200C5FC4F /* Debug */ = {
			isa = XCBuildConfiguration;
			buildSettings = {
				ALWAYS_SEARCH_USER_PATHS = NO;
				CLANG_ANALYZER_NONNULL = YES;
				CLANG_ANALYZER_NUMBER_OBJECT_CONVERSION = YES_AGGRESSIVE;
				CLANG_CXX_LANGUAGE_STANDARD = "gnu++14";
				CLANG_CXX_LIBRARY = "libc++";
				CLANG_ENABLE_MODULES = YES;
				CLANG_ENABLE_OBJC_ARC = YES;
				CLANG_ENABLE_OBJC_WEAK = YES;
				CLANG_WARN_BLOCK_CAPTURE_AUTORELEASING = YES;
				CLANG_WARN_BOOL_CONVERSION = YES;
				CLANG_WARN_COMMA = YES;
				CLANG_WARN_CONSTANT_CONVERSION = YES;
				CLANG_WARN_DEPRECATED_OBJC_IMPLEMENTATIONS = YES;
				CLANG_WARN_DIRECT_OBJC_ISA_USAGE = YES_ERROR;
				CLANG_WARN_DOCUMENTATION_COMMENTS = YES;
				CLANG_WARN_EMPTY_BODY = YES;
				CLANG_WARN_ENUM_CONVERSION = YES;
				CLANG_WARN_INFINITE_RECURSION = YES;
				CLANG_WARN_INT_CONVERSION = YES;
				CLANG_WARN_NON_LITERAL_NULL_CONVERSION = YES;
				CLANG_WARN_OBJC_IMPLICIT_RETAIN_SELF = YES;
				CLANG_WARN_OBJC_LITERAL_CONVERSION = YES;
				CLANG_WARN_OBJC_ROOT_CLASS = YES_ERROR;
				CLANG_WARN_QUOTED_INCLUDE_IN_FRAMEWORK_HEADER = YES;
				CLANG_WARN_RANGE_LOOP_ANALYSIS = YES;
				CLANG_WARN_STRICT_PROTOTYPES = YES;
				CLANG_WARN_SUSPICIOUS_MOVE = YES;
				CLANG_WARN_UNGUARDED_AVAILABILITY = YES_AGGRESSIVE;
				CLANG_WARN_UNREACHABLE_CODE = YES;
				CLANG_WARN__DUPLICATE_METHOD_MATCH = YES;
				COPY_PHASE_STRIP = NO;
				DEBUG_INFORMATION_FORMAT = dwarf;
				ENABLE_STRICT_OBJC_MSGSEND = YES;
				ENABLE_TESTABILITY = YES;
				GCC_C_LANGUAGE_STANDARD = gnu11;
				GCC_DYNAMIC_NO_PIC = NO;
				GCC_NO_COMMON_BLOCKS = YES;
				GCC_OPTIMIZATION_LEVEL = 0;
				GCC_PREPROCESSOR_DEFINITIONS = (
					"DEBUG=1",
					"$(inherited)",
				);
				GCC_WARN_64_TO_32_BIT_CONVERSION = YES;
				GCC_WARN_ABOUT_RETURN_TYPE = YES_ERROR;
				GCC_WARN_UNDECLARED_SELECTOR = YES;
				GCC_WARN_UNINITIALIZED_AUTOS = YES_AGGRESSIVE;
				GCC_WARN_UNUSED_FUNCTION = YES;
				GCC_WARN_UNUSED_VARIABLE = YES;
				IPHONEOS_DEPLOYMENT_TARGET = 14.5;
				MTL_ENABLE_DEBUG_INFO = INCLUDE_SOURCE;
				MTL_FAST_MATH = YES;
				ONLY_ACTIVE_ARCH = YES;
				SDKROOT = iphoneos;
				SWIFT_ACTIVE_COMPILATION_CONDITIONS = DEBUG;
				SWIFT_OPTIMIZATION_LEVEL = "-Onone";
			};
			name = Debug;
		};
		FBF732AD26DF144200C5FC4F /* Release */ = {
			isa = XCBuildConfiguration;
			buildSettings = {
				ALWAYS_SEARCH_USER_PATHS = NO;
				CLANG_ANALYZER_NONNULL = YES;
				CLANG_ANALYZER_NUMBER_OBJECT_CONVERSION = YES_AGGRESSIVE;
				CLANG_CXX_LANGUAGE_STANDARD = "gnu++14";
				CLANG_CXX_LIBRARY = "libc++";
				CLANG_ENABLE_MODULES = YES;
				CLANG_ENABLE_OBJC_ARC = YES;
				CLANG_ENABLE_OBJC_WEAK = YES;
				CLANG_WARN_BLOCK_CAPTURE_AUTORELEASING = YES;
				CLANG_WARN_BOOL_CONVERSION = YES;
				CLANG_WARN_COMMA = YES;
				CLANG_WARN_CONSTANT_CONVERSION = YES;
				CLANG_WARN_DEPRECATED_OBJC_IMPLEMENTATIONS = YES;
				CLANG_WARN_DIRECT_OBJC_ISA_USAGE = YES_ERROR;
				CLANG_WARN_DOCUMENTATION_COMMENTS = YES;
				CLANG_WARN_EMPTY_BODY = YES;
				CLANG_WARN_ENUM_CONVERSION = YES;
				CLANG_WARN_INFINITE_RECURSION = YES;
				CLANG_WARN_INT_CONVERSION = YES;
				CLANG_WARN_NON_LITERAL_NULL_CONVERSION = YES;
				CLANG_WARN_OBJC_IMPLICIT_RETAIN_SELF = YES;
				CLANG_WARN_OBJC_LITERAL_CONVERSION = YES;
				CLANG_WARN_OBJC_ROOT_CLASS = YES_ERROR;
				CLANG_WARN_QUOTED_INCLUDE_IN_FRAMEWORK_HEADER = YES;
				CLANG_WARN_RANGE_LOOP_ANALYSIS = YES;
				CLANG_WARN_STRICT_PROTOTYPES = YES;
				CLANG_WARN_SUSPICIOUS_MOVE = YES;
				CLANG_WARN_UNGUARDED_AVAILABILITY = YES_AGGRESSIVE;
				CLANG_WARN_UNREACHABLE_CODE = YES;
				CLANG_WARN__DUPLICATE_METHOD_MATCH = YES;
				COPY_PHASE_STRIP = NO;
				DEBUG_INFORMATION_FORMAT = "dwarf-with-dsym";
				ENABLE_NS_ASSERTIONS = NO;
				ENABLE_STRICT_OBJC_MSGSEND = YES;
				GCC_C_LANGUAGE_STANDARD = gnu11;
				GCC_NO_COMMON_BLOCKS = YES;
				GCC_WARN_64_TO_32_BIT_CONVERSION = YES;
				GCC_WARN_ABOUT_RETURN_TYPE = YES_ERROR;
				GCC_WARN_UNDECLARED_SELECTOR = YES;
				GCC_WARN_UNINITIALIZED_AUTOS = YES_AGGRESSIVE;
				GCC_WARN_UNUSED_FUNCTION = YES;
				GCC_WARN_UNUSED_VARIABLE = YES;
				IPHONEOS_DEPLOYMENT_TARGET = 14.5;
				MTL_ENABLE_DEBUG_INFO = NO;
				MTL_FAST_MATH = YES;
				SDKROOT = iphoneos;
				SWIFT_COMPILATION_MODE = wholemodule;
				SWIFT_OPTIMIZATION_LEVEL = "-O";
				VALIDATE_PRODUCT = YES;
			};
			name = Release;
		};
		FBF732AF26DF144200C5FC4F /* Debug */ = {
			isa = XCBuildConfiguration;
			buildSettings = {
				ASSETCATALOG_COMPILER_APPICON_NAME = AppIcon;
				ASSETCATALOG_COMPILER_GLOBAL_ACCENT_COLOR_NAME = AccentColor;
				CODE_SIGN_STYLE = Automatic;
				DEVELOPMENT_ASSET_PATHS = "\"FruitMart/Preview Content\"";
				DEVELOPMENT_TEAM = WDHQGZG5S7;
				ENABLE_PREVIEWS = YES;
				INFOPLIST_FILE = "FruitMart/Supporting Files/Info.plist";
				LD_RUNPATH_SEARCH_PATHS = (
					"$(inherited)",
					"@executable_path/Frameworks",
				);
				PRODUCT_BUNDLE_IDENTIFIER = com.github.hanbee1005.FruitMart;
				PRODUCT_NAME = "$(TARGET_NAME)";
				SWIFT_VERSION = 5.0;
				TARGETED_DEVICE_FAMILY = "1,2";
			};
			name = Debug;
		};
		FBF732B026DF144200C5FC4F /* Release */ = {
			isa = XCBuildConfiguration;
			buildSettings = {
				ASSETCATALOG_COMPILER_APPICON_NAME = AppIcon;
				ASSETCATALOG_COMPILER_GLOBAL_ACCENT_COLOR_NAME = AccentColor;
				CODE_SIGN_STYLE = Automatic;
				DEVELOPMENT_ASSET_PATHS = "\"FruitMart/Preview Content\"";
				DEVELOPMENT_TEAM = WDHQGZG5S7;
				ENABLE_PREVIEWS = YES;
				INFOPLIST_FILE = "FruitMart/Supporting Files/Info.plist";
				LD_RUNPATH_SEARCH_PATHS = (
					"$(inherited)",
					"@executable_path/Frameworks",
				);
				PRODUCT_BUNDLE_IDENTIFIER = com.github.hanbee1005.FruitMart;
				PRODUCT_NAME = "$(TARGET_NAME)";
				SWIFT_VERSION = 5.0;
				TARGETED_DEVICE_FAMILY = "1,2";
			};
			name = Release;
		};
/* End XCBuildConfiguration section */

/* Begin XCConfigurationList section */
		FBF7329526DF144200C5FC4F /* Build configuration list for PBXProject "FruitMart" */ = {
			isa = XCConfigurationList;
			buildConfigurations = (
				FBF732AC26DF144200C5FC4F /* Debug */,
				FBF732AD26DF144200C5FC4F /* Release */,
			);
			defaultConfigurationIsVisible = 0;
			defaultConfigurationName = Release;
		};
		FBF732AE26DF144200C5FC4F /* Build configuration list for PBXNativeTarget "FruitMart" */ = {
			isa = XCConfigurationList;
			buildConfigurations = (
				FBF732AF26DF144200C5FC4F /* Debug */,
				FBF732B026DF144200C5FC4F /* Release */,
			);
			defaultConfigurationIsVisible = 0;
			defaultConfigurationName = Release;
		};
/* End XCConfigurationList section */
	};
	rootObject = FBF7329226DF144200C5FC4F /* Project object */;
}
